
Microsoft Visual Studio Solution File, Format Version 12.00
# Visual Studio Version 17
VisualStudioVersion = 17.10.35122.118
MinimumVisualStudioVersion = 10.0.40219.1
Project("{FAE04EC0-301F-11D3-BF4B-00C04F79EFBC}") = "OdontofastAPI", "OdontofastAPI.csproj", "{E6386CB2-7E4B-41CB-9251-C213785B0267}"
EndProject
Global
	GlobalSection(SolutionConfigurationPlatforms) = preSolution
		Debug|Any CPU = Debug|Any CPU
		Debug|x64 = Debug|x64
		Debug|x86 = Debug|x86
		Release|Any CPU = Release|Any CPU
		Release|x64 = Release|x64
		Release|x86 = Release|x86
	EndGlobalSection
	GlobalSection(ProjectConfigurationPlatforms) = postSolution
		{E6386CB2-7E4B-41CB-9251-C213785B0267}.Debug|Any CPU.ActiveCfg = Debug|Any CPU
		{E6386CB2-7E4B-41CB-9251-C213785B0267}.Debug|Any CPU.Build.0 = Debug|Any CPU
		{E6386CB2-7E4B-41CB-9251-C213785B0267}.Debug|x64.ActiveCfg = Debug|Any CPU
		{E6386CB2-7E4B-41CB-9251-C213785B0267}.Debug|x64.Build.0 = Debug|Any CPU
		{E6386CB2-7E4B-41CB-9251-C213785B0267}.Debug|x86.ActiveCfg = Debug|Any CPU
		{E6386CB2-7E4B-41CB-9251-C213785B0267}.Debug|x86.Build.0 = Debug|Any CPU
		{E6386CB2-7E4B-41CB-9251-C213785B0267}.Release|Any CPU.ActiveCfg = Release|Any CPU
		{E6386CB2-7E4B-41CB-9251-C213785B0267}.Release|Any CPU.Build.0 = Release|Any CPU
		{E6386CB2-7E4B-41CB-9251-C213785B0267}.Release|x64.ActiveCfg = Release|Any CPU
		{E6386CB2-7E4B-41CB-9251-C213785B0267}.Release|x64.Build.0 = Release|Any CPU
		{E6386CB2-7E4B-41CB-9251-C213785B0267}.Release|x86.ActiveCfg = Release|Any CPU
		{E6386CB2-7E4B-41CB-9251-C213785B0267}.Release|x86.Build.0 = Release|Any CPU
		{81BB5675-F5F2-4E69-BE3D-A956682930E5}.Debug|Any CPU.ActiveCfg = Debug|Any CPU
		{81BB5675-F5F2-4E69-BE3D-A956682930E5}.Debug|Any CPU.Build.0 = Debug|Any CPU
		{81BB5675-F5F2-4E69-BE3D-A956682930E5}.Debug|x64.ActiveCfg = Debug|Any CPU
		{81BB5675-F5F2-4E69-BE3D-A956682930E5}.Debug|x64.Build.0 = Debug|Any CPU
		{81BB5675-F5F2-4E69-BE3D-A956682930E5}.Debug|x86.ActiveCfg = Debug|Any CPU
		{81BB5675-F5F2-4E69-BE3D-A956682930E5}.Debug|x86.Build.0 = Debug|Any CPU
		{81BB5675-F5F2-4E69-BE3D-A956682930E5}.Release|Any CPU.ActiveCfg = Release|Any CPU
		{81BB5675-F5F2-4E69-BE3D-A956682930E5}.Release|Any CPU.Build.0 = Release|Any CPU
		{81BB5675-F5F2-4E69-BE3D-A956682930E5}.Release|x64.ActiveCfg = Release|Any CPU
		{81BB5675-F5F2-4E69-BE3D-A956682930E5}.Release|x64.Build.0 = Release|Any CPU
		{81BB5675-F5F2-4E69-BE3D-A956682930E5}.Release|x86.ActiveCfg = Release|Any CPU
		{81BB5675-F5F2-4E69-BE3D-A956682930E5}.Release|x86.Build.0 = Release|Any CPU
	EndGlobalSection
	GlobalSection(SolutionProperties) = preSolution
		HideSolutionNode = FALSE
	EndGlobalSection
	GlobalSection(ExtensibilityGlobals) = postSolution
		SolutionGuid = {9B1B8439-19EC-417D-BC81-2DA4EAE892BA}
	EndGlobalSection
EndGlobal
